
Microsoft Visual Studio Solution File, Format Version 12.00
# Visual Studio 14
VisualStudioVersion = 14.0.24720.0
MinimumVisualStudioVersion = 10.0.40219.1
Project("{FAE04EC0-301F-11D3-BF4B-00C04F79EFBC}") = "WeddingApp", "WeddingApp\WeddingApp.csproj", "{13FD18ED-FA62-4D12-8A4E-CCC6443529C5}"
EndProject
Project("{FAE04EC0-301F-11D3-BF4B-00C04F79EFBC}") = "WeddingUnitTest", "WeddingUnitTest\WeddingUnitTest.csproj", "{8DA2BD70-A203-493C-92FB-9A922A92A652}"
EndProject
Global
	GlobalSection(SolutionConfigurationPlatforms) = preSolution
		Debug|Any CPU = Debug|Any CPU
		Release|Any CPU = Release|Any CPU
	EndGlobalSection
	GlobalSection(ProjectConfigurationPlatforms) = postSolution
		{13FD18ED-FA62-4D12-8A4E-CCC6443529C5}.Debug|Any CPU.ActiveCfg = Debug|Any CPU
		{13FD18ED-FA62-4D12-8A4E-CCC6443529C5}.Debug|Any CPU.Build.0 = Debug|Any CPU
		{13FD18ED-FA62-4D12-8A4E-CCC6443529C5}.Release|Any CPU.ActiveCfg = Release|Any CPU
		{13FD18ED-FA62-4D12-8A4E-CCC6443529C5}.Release|Any CPU.Build.0 = Release|Any CPU
		{8DA2BD70-A203-493C-92FB-9A922A92A652}.Debug|Any CPU.ActiveCfg = Debug|Any CPU
		{8DA2BD70-A203-493C-92FB-9A922A92A652}.Debug|Any CPU.Build.0 = Debug|Any CPU
		{8DA2BD70-A203-493C-92FB-9A922A92A652}.Release|Any CPU.ActiveCfg = Release|Any CPU
		{8DA2BD70-A203-493C-92FB-9A922A92A652}.Release|Any CPU.Build.0 = Release|Any CPU
	EndGlobalSection
	GlobalSection(SolutionProperties) = preSolution
		HideSolutionNode = FALSE
	EndGlobalSection
EndGlobal
